
Microsoft Visual Studio Solution File, Format Version 12.00
# Visual Studio Version 16
VisualStudioVersion = 16.0.31112.23
MinimumVisualStudioVersion = 10.0.40219.1
Project("{9A19103F-16F7-4668-BE54-9A1E7A4F7556}") = "TestPropsFile", "TestPropsFile\TestPropsFile.csproj", "{E0C6AC31-4B9B-4025-8062-1A576CCC3467}"
EndProject
Project("{2150E333-8FDC-42A3-9474-1A3956D46DE8}") = "Solution files", "Solution files", "{8417068A-9593-45BA-B171-66925C7D15BB}"
	ProjectSection(SolutionItems) = preProject
		Directory.Build.props = Directory.Build.props
		Directory.Packages.props = Directory.Packages.props
	EndProjectSection
EndProject
Project("{9A19103F-16F7-4668-BE54-9A1E7A4F7556}") = "TestProject1", "TestProject1\TestProject1.csproj", "{0B782B1F-D4E8-4164-B240-057CC8703941}"
EndProject
Global
	GlobalSection(SolutionConfigurationPlatforms) = preSolution
		Debug|Any CPU = Debug|Any CPU
		Release|Any CPU = Release|Any CPU
	EndGlobalSection
	GlobalSection(ProjectConfigurationPlatforms) = postSolution
		{E0C6AC31-4B9B-4025-8062-1A576CCC3467}.Debug|Any CPU.ActiveCfg = Debug|Any CPU
		{E0C6AC31-4B9B-4025-8062-1A576CCC3467}.Debug|Any CPU.Build.0 = Debug|Any CPU
		{E0C6AC31-4B9B-4025-8062-1A576CCC3467}.Release|Any CPU.ActiveCfg = Release|Any CPU
		{E0C6AC31-4B9B-4025-8062-1A576CCC3467}.Release|Any CPU.Build.0 = Release|Any CPU
		{0B782B1F-D4E8-4164-B240-057CC8703941}.Debug|Any CPU.ActiveCfg = Debug|Any CPU
		{0B782B1F-D4E8-4164-B240-057CC8703941}.Debug|Any CPU.Build.0 = Debug|Any CPU
		{0B782B1F-D4E8-4164-B240-057CC8703941}.Release|Any CPU.ActiveCfg = Release|Any CPU
		{0B782B1F-D4E8-4164-B240-057CC8703941}.Release|Any CPU.Build.0 = Release|Any CPU
	EndGlobalSection
	GlobalSection(SolutionProperties) = preSolution
		HideSolutionNode = FALSE
	EndGlobalSection
	GlobalSection(ExtensibilityGlobals) = postSolution
		SolutionGuid = {24EE51F7-3B93-4EA9-8BD4-CC1C5A7A2941}
	EndGlobalSection
EndGlobal
